// !$*UTF8*$!
{
	archiveVersion = 1;
	classes = {
	};
	objectVersion = 50;
	objects = {

/* Begin PBXBuildFile section */
		FF22D2C823F79A01002C3FB3 /* TabBarViewController.swift in Sources */ = {isa = PBXBuildFile; fileRef = FF22D2C723F79A01002C3FB3 /* TabBarViewController.swift */; };
		FF22D2CA23F79B1A002C3FB3 /* AssignmentsNavigationViewController.swift in Sources */ = {isa = PBXBuildFile; fileRef = FF22D2C923F79B1A002C3FB3 /* AssignmentsNavigationViewController.swift */; };
		FF38AD9723F68504006D07A6 /* AssignmentsTableViewHeaderView.swift in Sources */ = {isa = PBXBuildFile; fileRef = FF38AD9623F68504006D07A6 /* AssignmentsTableViewHeaderView.swift */; };
		FFB83DDF23F1140400458D73 /* AppDelegate.swift in Sources */ = {isa = PBXBuildFile; fileRef = FFB83DDE23F1140400458D73 /* AppDelegate.swift */; };
		FFB83DE123F1140400458D73 /* SceneDelegate.swift in Sources */ = {isa = PBXBuildFile; fileRef = FFB83DE023F1140400458D73 /* SceneDelegate.swift */; };
		FFB83DE323F1140400458D73 /* ViewController.swift in Sources */ = {isa = PBXBuildFile; fileRef = FFB83DE223F1140400458D73 /* ViewController.swift */; };
		FFB83DE623F1140400458D73 /* Main.storyboard in Resources */ = {isa = PBXBuildFile; fileRef = FFB83DE423F1140400458D73 /* Main.storyboard */; };
		FFB83DE823F1140500458D73 /* Assets.xcassets in Resources */ = {isa = PBXBuildFile; fileRef = FFB83DE723F1140500458D73 /* Assets.xcassets */; };
		FFB83DEB23F1140500458D73 /* LaunchScreen.storyboard in Resources */ = {isa = PBXBuildFile; fileRef = FFB83DE923F1140500458D73 /* LaunchScreen.storyboard */; };
		FFB83DF323F1144100458D73 /* Day.swift in Sources */ = {isa = PBXBuildFile; fileRef = FFB83DF223F1144100458D73 /* Day.swift */; };
		FFB83DF823F1148000458D73 /* Semester.swift in Sources */ = {isa = PBXBuildFile; fileRef = FFB83DF723F1148000458D73 /* Semester.swift */; };
		FFB83DFA23F1148E00458D73 /* Course.swift in Sources */ = {isa = PBXBuildFile; fileRef = FFB83DF923F1148E00458D73 /* Course.swift */; };
		FFB83E0023F1177200458D73 /* Task.swift in Sources */ = {isa = PBXBuildFile; fileRef = FFB83DFF23F1177200458D73 /* Task.swift */; };
		FFB83E0223F117E600458D73 /* Schedule.swift in Sources */ = {isa = PBXBuildFile; fileRef = FFB83E0123F117E600458D73 /* Schedule.swift */; };
		FFB83E0423F1188100458D73 /* Timetable.swift in Sources */ = {isa = PBXBuildFile; fileRef = FFB83E0323F1188100458D73 /* Timetable.swift */; };
		FFB83E0823F12C6900458D73 /* Statistics.swift in Sources */ = {isa = PBXBuildFile; fileRef = FFB83E0723F12C6900458D73 /* Statistics.swift */; };
		FFB83E0A23F1300F00458D73 /* CategoryList.swift in Sources */ = {isa = PBXBuildFile; fileRef = FFB83E0923F1300F00458D73 /* CategoryList.swift */; };
		FFDD492223F19DA600C952A0 /* AssignmentsTableViewController.swift in Sources */ = {isa = PBXBuildFile; fileRef = FFDD492123F19DA600C952A0 /* AssignmentsTableViewController.swift */; };
		FFDEB14F23F2607C00BF548D /* AssignmentsViewController.swift in Sources */ = {isa = PBXBuildFile; fileRef = FFDEB14E23F2607C00BF548D /* AssignmentsViewController.swift */; };
		FFDEB15123F267A700BF548D /* ViewExtensions.swift in Sources */ = {isa = PBXBuildFile; fileRef = FFDEB15023F267A700BF548D /* ViewExtensions.swift */; };
		FFDEB15323F2BCFA00BF548D /* AssignmentsTableViewCell.swift in Sources */ = {isa = PBXBuildFile; fileRef = FFDEB15223F2BCFA00BF548D /* AssignmentsTableViewCell.swift */; };
/* End PBXBuildFile section */

/* Begin PBXFileReference section */
		FF22D2C723F79A01002C3FB3 /* TabBarViewController.swift */ = {isa = PBXFileReference; lastKnownFileType = sourcecode.swift; name = TabBarViewController.swift; path = Tempus/TabBarViewController.swift; sourceTree = SOURCE_ROOT; };
		FF22D2C923F79B1A002C3FB3 /* AssignmentsNavigationViewController.swift */ = {isa = PBXFileReference; lastKnownFileType = sourcecode.swift; name = AssignmentsNavigationViewController.swift; path = Tempus/AssignmentsNavigationViewController.swift; sourceTree = SOURCE_ROOT; };
		FF38AD9623F68504006D07A6 /* AssignmentsTableViewHeaderView.swift */ = {isa = PBXFileReference; lastKnownFileType = sourcecode.swift; path = AssignmentsTableViewHeaderView.swift; sourceTree = "<group>"; };
		FFB83DDB23F1140400458D73 /* Tempus.app */ = {isa = PBXFileReference; explicitFileType = wrapper.application; includeInIndex = 0; path = Tempus.app; sourceTree = BUILT_PRODUCTS_DIR; };
		FFB83DDE23F1140400458D73 /* AppDelegate.swift */ = {isa = PBXFileReference; lastKnownFileType = sourcecode.swift; path = AppDelegate.swift; sourceTree = "<group>"; };
		FFB83DE023F1140400458D73 /* SceneDelegate.swift */ = {isa = PBXFileReference; lastKnownFileType = sourcecode.swift; path = SceneDelegate.swift; sourceTree = "<group>"; };
		FFB83DE223F1140400458D73 /* ViewController.swift */ = {isa = PBXFileReference; lastKnownFileType = sourcecode.swift; path = ViewController.swift; sourceTree = "<group>"; };
		FFB83DE523F1140400458D73 /* Base */ = {isa = PBXFileReference; lastKnownFileType = file.storyboard; name = Base; path = Base.lproj/Main.storyboard; sourceTree = "<group>"; };
		FFB83DE723F1140500458D73 /* Assets.xcassets */ = {isa = PBXFileReference; lastKnownFileType = folder.assetcatalog; path = Assets.xcassets; sourceTree = "<group>"; };
		FFB83DEA23F1140500458D73 /* Base */ = {isa = PBXFileReference; lastKnownFileType = file.storyboard; name = Base; path = Base.lproj/LaunchScreen.storyboard; sourceTree = "<group>"; };
		FFB83DEC23F1140500458D73 /* Info.plist */ = {isa = PBXFileReference; lastKnownFileType = text.plist.xml; path = Info.plist; sourceTree = "<group>"; };
		FFB83DF223F1144100458D73 /* Day.swift */ = {isa = PBXFileReference; lastKnownFileType = sourcecode.swift; path = Day.swift; sourceTree = "<group>"; };
		FFB83DF723F1148000458D73 /* Semester.swift */ = {isa = PBXFileReference; lastKnownFileType = sourcecode.swift; path = Semester.swift; sourceTree = "<group>"; };
		FFB83DF923F1148E00458D73 /* Course.swift */ = {isa = PBXFileReference; lastKnownFileType = sourcecode.swift; path = Course.swift; sourceTree = "<group>"; };
		FFB83DFF23F1177200458D73 /* Task.swift */ = {isa = PBXFileReference; lastKnownFileType = sourcecode.swift; path = Task.swift; sourceTree = "<group>"; };
		FFB83E0123F117E600458D73 /* Schedule.swift */ = {isa = PBXFileReference; lastKnownFileType = sourcecode.swift; path = Schedule.swift; sourceTree = "<group>"; };
		FFB83E0323F1188100458D73 /* Timetable.swift */ = {isa = PBXFileReference; lastKnownFileType = sourcecode.swift; path = Timetable.swift; sourceTree = "<group>"; };
		FFB83E0723F12C6900458D73 /* Statistics.swift */ = {isa = PBXFileReference; lastKnownFileType = sourcecode.swift; path = Statistics.swift; sourceTree = "<group>"; };
		FFB83E0923F1300F00458D73 /* CategoryList.swift */ = {isa = PBXFileReference; lastKnownFileType = sourcecode.swift; path = CategoryList.swift; sourceTree = "<group>"; };
		FFDD492123F19DA600C952A0 /* AssignmentsTableViewController.swift */ = {isa = PBXFileReference; lastKnownFileType = sourcecode.swift; path = AssignmentsTableViewController.swift; sourceTree = "<group>"; };
		FFDEB14E23F2607C00BF548D /* AssignmentsViewController.swift */ = {isa = PBXFileReference; lastKnownFileType = sourcecode.swift; path = AssignmentsViewController.swift; sourceTree = "<group>"; };
		FFDEB15023F267A700BF548D /* ViewExtensions.swift */ = {isa = PBXFileReference; lastKnownFileType = sourcecode.swift; path = ViewExtensions.swift; sourceTree = "<group>"; };
		FFDEB15223F2BCFA00BF548D /* AssignmentsTableViewCell.swift */ = {isa = PBXFileReference; lastKnownFileType = sourcecode.swift; path = AssignmentsTableViewCell.swift; sourceTree = "<group>"; };
		FFDEB15523F2F60900BF548D /* MyPlayground.playground */ = {isa = PBXFileReference; lastKnownFileType = file.playground; path = MyPlayground.playground; sourceTree = "<group>"; xcLanguageSpecificationIdentifier = xcode.lang.swift; };
/* End PBXFileReference section */

/* Begin PBXFrameworksBuildPhase section */
		FFB83DD823F1140400458D73 /* Frameworks */ = {
			isa = PBXFrameworksBuildPhase;
			buildActionMask = 2147483647;
			files = (
			);
			runOnlyForDeploymentPostprocessing = 0;
		};
/* End PBXFrameworksBuildPhase section */

/* Begin PBXGroup section */
		FF38AD9823F68523006D07A6 /* Controllers */ = {
			isa = PBXGroup;
			children = (
				FF22D2C923F79B1A002C3FB3 /* AssignmentsNavigationViewController.swift */,
				FFDEB14E23F2607C00BF548D /* AssignmentsViewController.swift */,
				FF22D2C723F79A01002C3FB3 /* TabBarViewController.swift */,
			);
			path = Controllers;
			sourceTree = "<group>";
		};
		FFB83DD223F1140400458D73 = {
			isa = PBXGroup;
			children = (
				FFDEB15423F2BEF400BF548D /* tmp */,
				FFB83DDD23F1140400458D73 /* Tempus */,
				FFB83DDC23F1140400458D73 /* Products */,
			);
			sourceTree = "<group>";
		};
		FFB83DDC23F1140400458D73 /* Products */ = {
			isa = PBXGroup;
			children = (
				FFB83DDB23F1140400458D73 /* Tempus.app */,
			);
			name = Products;
			sourceTree = "<group>";
		};
		FFB83DDD23F1140400458D73 /* Tempus */ = {
			isa = PBXGroup;
			children = (
				FFB83DE023F1140400458D73 /* SceneDelegate.swift */,
				FFB83DE923F1140500458D73 /* LaunchScreen.storyboard */,
				FFB83DE223F1140400458D73 /* ViewController.swift */,
				FFB83DE423F1140400458D73 /* Main.storyboard */,
				FFB83DF423F1144D00458D73 /* Models */,
				FFDD492323F19DAF00C952A0 /* Views */,
				FF38AD9823F68523006D07A6 /* Controllers */,
				FFB83DDE23F1140400458D73 /* AppDelegate.swift */,
				FFB83DE723F1140500458D73 /* Assets.xcassets */,
				FFB83DEC23F1140500458D73 /* Info.plist */,
			);
			path = Tempus;
			sourceTree = "<group>";
		};
		FFB83DF423F1144D00458D73 /* Models */ = {
			isa = PBXGroup;
			children = (
				FFB83DF223F1144100458D73 /* Day.swift */,
				FFB83DF723F1148000458D73 /* Semester.swift */,
				FFB83DF923F1148E00458D73 /* Course.swift */,
				FFB83E0323F1188100458D73 /* Timetable.swift */,
				FFB83DFF23F1177200458D73 /* Task.swift */,
				FFB83E0123F117E600458D73 /* Schedule.swift */,
				FFB83E0723F12C6900458D73 /* Statistics.swift */,
				FFB83E0923F1300F00458D73 /* CategoryList.swift */,
			);
			path = Models;
			sourceTree = "<group>";
		};
		FFDD492323F19DAF00C952A0 /* Views */ = {
			isa = PBXGroup;
			children = (
				FF38AD9623F68504006D07A6 /* AssignmentsTableViewHeaderView.swift */,
				FFDEB15223F2BCFA00BF548D /* AssignmentsTableViewCell.swift */,
				FFDEB15023F267A700BF548D /* ViewExtensions.swift */,
			);
			path = Views;
			sourceTree = "<group>";
		};
		FFDEB15423F2BEF400BF548D /* tmp */ = {
			isa = PBXGroup;
			children = (
				FFDD492123F19DA600C952A0 /* AssignmentsTableViewController.swift */,
				FFDEB15523F2F60900BF548D /* MyPlayground.playground */,
			);
			path = tmp;
			sourceTree = "<group>";
		};
/* End PBXGroup section */

/* Begin PBXNativeTarget section */
		FFB83DDA23F1140400458D73 /* Tempus */ = {
			isa = PBXNativeTarget;
			buildConfigurationList = FFB83DEF23F1140500458D73 /* Build configuration list for PBXNativeTarget "Tempus" */;
			buildPhases = (
				FFB83DD723F1140400458D73 /* Sources */,
				FFB83DD823F1140400458D73 /* Frameworks */,
				FFB83DD923F1140400458D73 /* Resources */,
			);
			buildRules = (
			);
			dependencies = (
			);
			name = Tempus;
			productName = Tempus;
			productReference = FFB83DDB23F1140400458D73 /* Tempus.app */;
			productType = "com.apple.product-type.application";
		};
/* End PBXNativeTarget section */

/* Begin PBXProject section */
		FFB83DD323F1140400458D73 /* Project object */ = {
			isa = PBXProject;
			attributes = {
				LastSwiftUpdateCheck = 1130;
				LastUpgradeCheck = 1130;
				ORGANIZATIONNAME = Sola;
				TargetAttributes = {
					FFB83DDA23F1140400458D73 = {
						CreatedOnToolsVersion = 11.3.1;
					};
				};
			};
			buildConfigurationList = FFB83DD623F1140400458D73 /* Build configuration list for PBXProject "Tempus" */;
			compatibilityVersion = "Xcode 9.3";
			developmentRegion = en;
			hasScannedForEncodings = 0;
			knownRegions = (
				en,
				Base,
			);
			mainGroup = FFB83DD223F1140400458D73;
			productRefGroup = FFB83DDC23F1140400458D73 /* Products */;
			projectDirPath = "";
			projectRoot = "";
			targets = (
				FFB83DDA23F1140400458D73 /* Tempus */,
			);
		};
/* End PBXProject section */

/* Begin PBXResourcesBuildPhase section */
		FFB83DD923F1140400458D73 /* Resources */ = {
			isa = PBXResourcesBuildPhase;
			buildActionMask = 2147483647;
			files = (
				FFB83DEB23F1140500458D73 /* LaunchScreen.storyboard in Resources */,
				FFB83DE823F1140500458D73 /* Assets.xcassets in Resources */,
				FFB83DE623F1140400458D73 /* Main.storyboard in Resources */,
			);
			runOnlyForDeploymentPostprocessing = 0;
		};
/* End PBXResourcesBuildPhase section */

/* Begin PBXSourcesBuildPhase section */
		FFB83DD723F1140400458D73 /* Sources */ = {
			isa = PBXSourcesBuildPhase;
			buildActionMask = 2147483647;
			files = (
				FFB83DE323F1140400458D73 /* ViewController.swift in Sources */,
				FF22D2CA23F79B1A002C3FB3 /* AssignmentsNavigationViewController.swift in Sources */,
				FFB83E0223F117E600458D73 /* Schedule.swift in Sources */,
				FFB83E0823F12C6900458D73 /* Statistics.swift in Sources */,
				FF38AD9723F68504006D07A6 /* AssignmentsTableViewHeaderView.swift in Sources */,
				FFB83E0023F1177200458D73 /* Task.swift in Sources */,
				FFB83DFA23F1148E00458D73 /* Course.swift in Sources */,
				FFB83E0423F1188100458D73 /* Timetable.swift in Sources */,
				FFB83DF823F1148000458D73 /* Semester.swift in Sources */,
				FFDEB15323F2BCFA00BF548D /* AssignmentsTableViewCell.swift in Sources */,
				FF22D2C823F79A01002C3FB3 /* TabBarViewController.swift in Sources */,
				FFDEB14F23F2607C00BF548D /* AssignmentsViewController.swift in Sources */,
				FFDEB15123F267A700BF548D /* ViewExtensions.swift in Sources */,
				FFB83DDF23F1140400458D73 /* AppDelegate.swift in Sources */,
				FFB83DF323F1144100458D73 /* Day.swift in Sources */,
				FFB83DE123F1140400458D73 /* SceneDelegate.swift in Sources */,
				FFDD492223F19DA600C952A0 /* AssignmentsTableViewController.swift in Sources */,
				FFB83E0A23F1300F00458D73 /* CategoryList.swift in Sources */,
			);
			runOnlyForDeploymentPostprocessing = 0;
		};
/* End PBXSourcesBuildPhase section */

/* Begin PBXVariantGroup section */
		FFB83DE423F1140400458D73 /* Main.storyboard */ = {
			isa = PBXVariantGroup;
			children = (
				FFB83DE523F1140400458D73 /* Base */,
			);
			name = Main.storyboard;
			sourceTree = "<group>";
		};
		FFB83DE923F1140500458D73 /* LaunchScreen.storyboard */ = {
			isa = PBXVariantGroup;
			children = (
				FFB83DEA23F1140500458D73 /* Base */,
			);
			name = LaunchScreen.storyboard;
			sourceTree = "<group>";
		};
/* End PBXVariantGroup section */

/* Begin XCBuildConfiguration section */
		FFB83DED23F1140500458D73 /* Debug */ = {
			isa = XCBuildConfiguration;
			buildSettings = {
				ALWAYS_SEARCH_USER_PATHS = NO;
				CLANG_ANALYZER_NONNULL = YES;
				CLANG_ANALYZER_NUMBER_OBJECT_CONVERSION = YES_AGGRESSIVE;
				CLANG_CXX_LANGUAGE_STANDARD = "gnu++14";
				CLANG_CXX_LIBRARY = "libc++";
				CLANG_ENABLE_MODULES = YES;
				CLANG_ENABLE_OBJC_ARC = YES;
				CLANG_ENABLE_OBJC_WEAK = YES;
				CLANG_WARN_BLOCK_CAPTURE_AUTORELEASING = YES;
				CLANG_WARN_BOOL_CONVERSION = YES;
				CLANG_WARN_COMMA = YES;
				CLANG_WARN_CONSTANT_CONVERSION = YES;
				CLANG_WARN_DEPRECATED_OBJC_IMPLEMENTATIONS = YES;
				CLANG_WARN_DIRECT_OBJC_ISA_USAGE = YES_ERROR;
				CLANG_WARN_DOCUMENTATION_COMMENTS = YES;
				CLANG_WARN_EMPTY_BODY = YES;
				CLANG_WARN_ENUM_CONVERSION = YES;
				CLANG_WARN_INFINITE_RECURSION = YES;
				CLANG_WARN_INT_CONVERSION = YES;
				CLANG_WARN_NON_LITERAL_NULL_CONVERSION = YES;
				CLANG_WARN_OBJC_IMPLICIT_RETAIN_SELF = YES;
				CLANG_WARN_OBJC_LITERAL_CONVERSION = YES;
				CLANG_WARN_OBJC_ROOT_CLASS = YES_ERROR;
				CLANG_WARN_RANGE_LOOP_ANALYSIS = YES;
				CLANG_WARN_STRICT_PROTOTYPES = YES;
				CLANG_WARN_SUSPICIOUS_MOVE = YES;
				CLANG_WARN_UNGUARDED_AVAILABILITY = YES_AGGRESSIVE;
				CLANG_WARN_UNREACHABLE_CODE = YES;
				CLANG_WARN__DUPLICATE_METHOD_MATCH = YES;
				COPY_PHASE_STRIP = NO;
				DEBUG_INFORMATION_FORMAT = dwarf;
				ENABLE_STRICT_OBJC_MSGSEND = YES;
				ENABLE_TESTABILITY = YES;
				GCC_C_LANGUAGE_STANDARD = gnu11;
				GCC_DYNAMIC_NO_PIC = NO;
				GCC_NO_COMMON_BLOCKS = YES;
				GCC_OPTIMIZATION_LEVEL = 0;
				GCC_PREPROCESSOR_DEFINITIONS = (
					"DEBUG=1",
					"$(inherited)",
				);
				GCC_WARN_64_TO_32_BIT_CONVERSION = YES;
				GCC_WARN_ABOUT_RETURN_TYPE = YES_ERROR;
				GCC_WARN_UNDECLARED_SELECTOR = YES;
				GCC_WARN_UNINITIALIZED_AUTOS = YES_AGGRESSIVE;
				GCC_WARN_UNUSED_FUNCTION = YES;
				GCC_WARN_UNUSED_VARIABLE = YES;
				IPHONEOS_DEPLOYMENT_TARGET = 13.2;
				MTL_ENABLE_DEBUG_INFO = INCLUDE_SOURCE;
				MTL_FAST_MATH = YES;
				ONLY_ACTIVE_ARCH = YES;
				SDKROOT = iphoneos;
				SWIFT_ACTIVE_COMPILATION_CONDITIONS = DEBUG;
				SWIFT_OPTIMIZATION_LEVEL = "-Onone";
			};
			name = Debug;
		};
		FFB83DEE23F1140500458D73 /* Release */ = {
			isa = XCBuildConfiguration;
			buildSettings = {
				ALWAYS_SEARCH_USER_PATHS = NO;
				CLANG_ANALYZER_NONNULL = YES;
				CLANG_ANALYZER_NUMBER_OBJECT_CONVERSION = YES_AGGRESSIVE;
				CLANG_CXX_LANGUAGE_STANDARD = "gnu++14";
				CLANG_CXX_LIBRARY = "libc++";
				CLANG_ENABLE_MODULES = YES;
				CLANG_ENABLE_OBJC_ARC = YES;
				CLANG_ENABLE_OBJC_WEAK = YES;
				CLANG_WARN_BLOCK_CAPTURE_AUTORELEASING = YES;
				CLANG_WARN_BOOL_CONVERSION = YES;
				CLANG_WARN_COMMA = YES;
				CLANG_WARN_CONSTANT_CONVERSION = YES;
				CLANG_WARN_DEPRECATED_OBJC_IMPLEMENTATIONS = YES;
				CLANG_WARN_DIRECT_OBJC_ISA_USAGE = YES_ERROR;
				CLANG_WARN_DOCUMENTATION_COMMENTS = YES;
				CLANG_WARN_EMPTY_BODY = YES;
				CLANG_WARN_ENUM_CONVERSION = YES;
				CLANG_WARN_INFINITE_RECURSION = YES;
				CLANG_WARN_INT_CONVERSION = YES;
				CLANG_WARN_NON_LITERAL_NULL_CONVERSION = YES;
				CLANG_WARN_OBJC_IMPLICIT_RETAIN_SELF = YES;
				CLANG_WARN_OBJC_LITERAL_CONVERSION = YES;
				CLANG_WARN_OBJC_ROOT_CLASS = YES_ERROR;
				CLANG_WARN_RANGE_LOOP_ANALYSIS = YES;
				CLANG_WARN_STRICT_PROTOTYPES = YES;
				CLANG_WARN_SUSPICIOUS_MOVE = YES;
				CLANG_WARN_UNGUARDED_AVAILABILITY = YES_AGGRESSIVE;
				CLANG_WARN_UNREACHABLE_CODE = YES;
				CLANG_WARN__DUPLICATE_METHOD_MATCH = YES;
				COPY_PHASE_STRIP = NO;
				DEBUG_INFORMATION_FORMAT = "dwarf-with-dsym";
				ENABLE_NS_ASSERTIONS = NO;
				ENABLE_STRICT_OBJC_MSGSEND = YES;
				GCC_C_LANGUAGE_STANDARD = gnu11;
				GCC_NO_COMMON_BLOCKS = YES;
				GCC_WARN_64_TO_32_BIT_CONVERSION = YES;
				GCC_WARN_ABOUT_RETURN_TYPE = YES_ERROR;
				GCC_WARN_UNDECLARED_SELECTOR = YES;
				GCC_WARN_UNINITIALIZED_AUTOS = YES_AGGRESSIVE;
				GCC_WARN_UNUSED_FUNCTION = YES;
				GCC_WARN_UNUSED_VARIABLE = YES;
				IPHONEOS_DEPLOYMENT_TARGET = 13.2;
				MTL_ENABLE_DEBUG_INFO = NO;
				MTL_FAST_MATH = YES;
				SDKROOT = iphoneos;
				SWIFT_COMPILATION_MODE = wholemodule;
				SWIFT_OPTIMIZATION_LEVEL = "-O";
				VALIDATE_PRODUCT = YES;
			};
			name = Release;
		};
		FFB83DF023F1140500458D73 /* Debug */ = {
			isa = XCBuildConfiguration;
			buildSettings = {
				ASSETCATALOG_COMPILER_APPICON_NAME = AppIcon;
				CODE_SIGN_STYLE = Automatic;
				INFOPLIST_FILE = Tempus/Info.plist;
				LD_RUNPATH_SEARCH_PATHS = (
					"$(inherited)",
					"@executable_path/Frameworks",
				);
				PRODUCT_BUNDLE_IDENTIFIER = Sola.Tempus;
				PRODUCT_NAME = "$(TARGET_NAME)";
				SWIFT_VERSION = 5.0;
				TARGETED_DEVICE_FAMILY = "1,2";
			};
			name = Debug;
		};
		FFB83DF123F1140500458D73 /* Release */ = {
			isa = XCBuildConfiguration;
			buildSettings = {
				ASSETCATALOG_COMPILER_APPICON_NAME = AppIcon;
				CODE_SIGN_STYLE = Automatic;
				INFOPLIST_FILE = Tempus/Info.plist;
				LD_RUNPATH_SEARCH_PATHS = (
					"$(inherited)",
					"@executable_path/Frameworks",
				);
				PRODUCT_BUNDLE_IDENTIFIER = Sola.Tempus;
				PRODUCT_NAME = "$(TARGET_NAME)";
				SWIFT_VERSION = 5.0;
				TARGETED_DEVICE_FAMILY = "1,2";
			};
			name = Release;
		};
/* End XCBuildConfiguration section */

/* Begin XCConfigurationList section */
		FFB83DD623F1140400458D73 /* Build configuration list for PBXProject "Tempus" */ = {
			isa = XCConfigurationList;
			buildConfigurations = (
				FFB83DED23F1140500458D73 /* Debug */,
				FFB83DEE23F1140500458D73 /* Release */,
			);
			defaultConfigurationIsVisible = 0;
			defaultConfigurationName = Release;
		};
		FFB83DEF23F1140500458D73 /* Build configuration list for PBXNativeTarget "Tempus" */ = {
			isa = XCConfigurationList;
			buildConfigurations = (
				FFB83DF023F1140500458D73 /* Debug */,
				FFB83DF123F1140500458D73 /* Release */,
			);
			defaultConfigurationIsVisible = 0;
			defaultConfigurationName = Release;
		};
/* End XCConfigurationList section */
	};
	rootObject = FFB83DD323F1140400458D73 /* Project object */;
}
