// !$*UTF8*$!
{
	archiveVersion = 1;
	classes = {
	};
	objectVersion = 50;
	objects = {

/* Begin PBXBuildFile section */
		FF3BB36B2426741F0063D851 /* ScheduleEditNavigationController.swift in Sources */ = {isa = PBXBuildFile; fileRef = FF3BB36A2426741F0063D851 /* ScheduleEditNavigationController.swift */; };
		FF3BE36E242F9B86006677A2 /* ToDoViewController.swift in Sources */ = {isa = PBXBuildFile; fileRef = FF3BE36D242F9B86006677A2 /* ToDoViewController.swift */; };
		FF3BE372242FA0B5006677A2 /* ToDo.swift in Sources */ = {isa = PBXBuildFile; fileRef = FF3BE371242FA0B5006677A2 /* ToDo.swift */; };
		FF3CA81A2430E1B60054BB49 /* ToDoEditNavigationController.swift in Sources */ = {isa = PBXBuildFile; fileRef = FF3CA8192430E1B60054BB49 /* ToDoEditNavigationController.swift */; };
		FF3CA8202430EAD60054BB49 /* ScheduleEditViewController.swift in Sources */ = {isa = PBXBuildFile; fileRef = FF3CA81F2430EAD60054BB49 /* ScheduleEditViewController.swift */; };
		FF3E63D22423C4090006B8FA /* ScheduleTableViewCell.swift in Sources */ = {isa = PBXBuildFile; fileRef = FF3E63D12423C4090006B8FA /* ScheduleTableViewCell.swift */; };
		FF410E7024D3E78100EAB900 /* ToDoEditRepetitionNavigationController.swift in Sources */ = {isa = PBXBuildFile; fileRef = FF410E6F24D3E78100EAB900 /* ToDoEditRepetitionNavigationController.swift */; };
		FF410E7424D3E85700EAB900 /* ToDoEditRepetitionViewController.swift in Sources */ = {isa = PBXBuildFile; fileRef = FF410E7324D3E85700EAB900 /* ToDoEditRepetitionViewController.swift */; };
		FF41FEF524E10F3700475086 /* CourseNavigationController.swift in Sources */ = {isa = PBXBuildFile; fileRef = FF41FEF424E10F3700475086 /* CourseNavigationController.swift */; };
		FF41FEF724E10F8700475086 /* CourseViewController.swift in Sources */ = {isa = PBXBuildFile; fileRef = FF41FEF624E10F8700475086 /* CourseViewController.swift */; };
		FF41FEFD24E1175000475086 /* CourseDateCollectionViewCell.swift in Sources */ = {isa = PBXBuildFile; fileRef = FF41FEFC24E1175000475086 /* CourseDateCollectionViewCell.swift */; };
		FF41FEFF24E1177200475086 /* CourseCourseCollectionViewCell.swift in Sources */ = {isa = PBXBuildFile; fileRef = FF41FEFE24E1177200475086 /* CourseCourseCollectionViewCell.swift */; };
		FF42EF7B24B966460067CA3E /* SnapKit.framework in Frameworks */ = {isa = PBXBuildFile; fileRef = FF42EF7824B965D50067CA3E /* SnapKit.framework */; };
		FF42EF7C24B966460067CA3E /* SnapKit.framework in Embed Frameworks */ = {isa = PBXBuildFile; fileRef = FF42EF7824B965D50067CA3E /* SnapKit.framework */; settings = {ATTRIBUTES = (CodeSignOnCopy, RemoveHeadersOnCopy, ); }; };
		FF42EF7E24B9751A0067CA3E /* ToDoHeaderView.swift in Sources */ = {isa = PBXBuildFile; fileRef = FF42EF7D24B9751A0067CA3E /* ToDoHeaderView.swift */; };
		FF42EF8424B975850067CA3E /* ToDoCategoryTableViewCell.swift in Sources */ = {isa = PBXBuildFile; fileRef = FF42EF8324B975850067CA3E /* ToDoCategoryTableViewCell.swift */; };
		FF42EF8624B975B90067CA3E /* ToDoCategoryNavigationController.swift in Sources */ = {isa = PBXBuildFile; fileRef = FF42EF8524B975B90067CA3E /* ToDoCategoryNavigationController.swift */; };
		FF42EF8824B97E650067CA3E /* ToDoCategoryViewController.swift in Sources */ = {isa = PBXBuildFile; fileRef = FF42EF8724B97E650067CA3E /* ToDoCategoryViewController.swift */; };
		FF45E7EF24DA72C700418363 /* ToDoRepetitionTextTableViewCell.swift in Sources */ = {isa = PBXBuildFile; fileRef = FF45E7EE24DA72C700418363 /* ToDoRepetitionTextTableViewCell.swift */; };
		FF4812D42495841300682A99 /* ToDoEditCategoryViewController.swift in Sources */ = {isa = PBXBuildFile; fileRef = FF4812D32495841300682A99 /* ToDoEditCategoryViewController.swift */; };
		FF4812DF24958DD100682A99 /* ToDoNavigationController.swift in Sources */ = {isa = PBXBuildFile; fileRef = FF4812DE24958DD100682A99 /* ToDoNavigationController.swift */; };
		FF4812E124958DF600682A99 /* ToDoEditViewController.swift in Sources */ = {isa = PBXBuildFile; fileRef = FF4812E024958DF600682A99 /* ToDoEditViewController.swift */; };
		FF4BAFE7248A959200F536CC /* ScheduleDatePickerPopView.swift in Sources */ = {isa = PBXBuildFile; fileRef = FF4BAFE6248A959200F536CC /* ScheduleDatePickerPopView.swift */; };
		FF4BAFE9248A95E800F536CC /* ToDoTableViewCell.swift in Sources */ = {isa = PBXBuildFile; fileRef = FF4BAFE8248A95E800F536CC /* ToDoTableViewCell.swift */; };
		FF5028D924E14338000A74E6 /* Course.swift in Sources */ = {isa = PBXBuildFile; fileRef = FF5028D824E14338000A74E6 /* Course.swift */; };
		FF511FC024D526B40088F79D /* Repetition.swift in Sources */ = {isa = PBXBuildFile; fileRef = FF511FBF24D526B40088F79D /* Repetition.swift */; };
		FF511FC624D534F50088F79D /* ToDoRepetitionPickerTableViewCell.swift in Sources */ = {isa = PBXBuildFile; fileRef = FF511FC524D534F50088F79D /* ToDoRepetitionPickerTableViewCell.swift */; };
		FF564FD424EF8A6B004294A2 /* CourseSemesterPickerPopView.swift in Sources */ = {isa = PBXBuildFile; fileRef = FF564FD324EF8A6B004294A2 /* CourseSemesterPickerPopView.swift */; };
		FF9E18C724EE42C50083D97E /* Section.swift in Sources */ = {isa = PBXBuildFile; fileRef = FF9E18C624EE42C50083D97E /* Section.swift */; };
		FFBC1DE924926C6200C81ACD /* Interval.swift in Sources */ = {isa = PBXBuildFile; fileRef = FFBC1DE824926C6200C81ACD /* Interval.swift */; };
		FFBF90BC2421127000313C7D /* AppDelegate.swift in Sources */ = {isa = PBXBuildFile; fileRef = FFBF90BB2421127000313C7D /* AppDelegate.swift */; };
		FFBF90BE2421127000313C7D /* SceneDelegate.swift in Sources */ = {isa = PBXBuildFile; fileRef = FFBF90BD2421127000313C7D /* SceneDelegate.swift */; };
		FFBF90C02421127000313C7D /* ViewController.swift in Sources */ = {isa = PBXBuildFile; fileRef = FFBF90BF2421127000313C7D /* ViewController.swift */; };
		FFBF90C32421127000313C7D /* Main.storyboard in Resources */ = {isa = PBXBuildFile; fileRef = FFBF90C12421127000313C7D /* Main.storyboard */; };
		FFBF90C52421127100313C7D /* Assets.xcassets in Resources */ = {isa = PBXBuildFile; fileRef = FFBF90C42421127100313C7D /* Assets.xcassets */; };
		FFBF90C82421127100313C7D /* LaunchScreen.storyboard in Resources */ = {isa = PBXBuildFile; fileRef = FFBF90C62421127100313C7D /* LaunchScreen.storyboard */; };
		FFBF90D12421151200313C7D /* TabBarViewController.swift in Sources */ = {isa = PBXBuildFile; fileRef = FFBF90D02421151200313C7D /* TabBarViewController.swift */; };
		FFBF90D42421173600313C7D /* ScheduleNavigationController.swift in Sources */ = {isa = PBXBuildFile; fileRef = FFBF90D32421173600313C7D /* ScheduleNavigationController.swift */; };
		FFBF90D6242117FC00313C7D /* ScheduleViewController.swift in Sources */ = {isa = PBXBuildFile; fileRef = FFBF90D5242117FC00313C7D /* ScheduleViewController.swift */; };
		FFBF90D82421183A00313C7D /* ViewExtensions.swift in Sources */ = {isa = PBXBuildFile; fileRef = FFBF90D72421183A00313C7D /* ViewExtensions.swift */; };
		FFBF90DB24211C4C00313C7D /* Task.swift in Sources */ = {isa = PBXBuildFile; fileRef = FFBF90DA24211C4C00313C7D /* Task.swift */; };
		FFBF90DE2421226700313C7D /* Schedule.swift in Sources */ = {isa = PBXBuildFile; fileRef = FFBF90DD2421226700313C7D /* Schedule.swift */; };
/* End PBXBuildFile section */

/* Begin PBXContainerItemProxy section */
		FF42EF7724B965D50067CA3E /* PBXContainerItemProxy */ = {
			isa = PBXContainerItemProxy;
			containerPortal = FF42EF7224B965D50067CA3E /* SnapKit.xcodeproj */;
			proxyType = 2;
			remoteGlobalIDString = EEBCC9D819CC627D0083B827;
			remoteInfo = SnapKit;
		};
		FF42EF7924B965D50067CA3E /* PBXContainerItemProxy */ = {
			isa = PBXContainerItemProxy;
			containerPortal = FF42EF7224B965D50067CA3E /* SnapKit.xcodeproj */;
			proxyType = 2;
			remoteGlobalIDString = EEBCC9E219CC627E0083B827;
			remoteInfo = "SnapKit Tests";
		};
/* End PBXContainerItemProxy section */

/* Begin PBXCopyFilesBuildPhase section */
		FF2A5FEE2425149E00D0AF07 /* Embed Frameworks */ = {
			isa = PBXCopyFilesBuildPhase;
			buildActionMask = 2147483647;
			dstPath = "";
			dstSubfolderSpec = 10;
			files = (
				FF42EF7C24B966460067CA3E /* SnapKit.framework in Embed Frameworks */,
			);
			name = "Embed Frameworks";
			runOnlyForDeploymentPostprocessing = 0;
		};
/* End PBXCopyFilesBuildPhase section */

/* Begin PBXFileReference section */
		FF3BB36A2426741F0063D851 /* ScheduleEditNavigationController.swift */ = {isa = PBXFileReference; lastKnownFileType = sourcecode.swift; path = ScheduleEditNavigationController.swift; sourceTree = "<group>"; };
		FF3BE36D242F9B86006677A2 /* ToDoViewController.swift */ = {isa = PBXFileReference; lastKnownFileType = sourcecode.swift; path = ToDoViewController.swift; sourceTree = "<group>"; };
		FF3BE371242FA0B5006677A2 /* ToDo.swift */ = {isa = PBXFileReference; lastKnownFileType = sourcecode.swift; path = ToDo.swift; sourceTree = "<group>"; };
		FF3CA8192430E1B60054BB49 /* ToDoEditNavigationController.swift */ = {isa = PBXFileReference; lastKnownFileType = sourcecode.swift; path = ToDoEditNavigationController.swift; sourceTree = "<group>"; };
		FF3CA81F2430EAD60054BB49 /* ScheduleEditViewController.swift */ = {isa = PBXFileReference; lastKnownFileType = sourcecode.swift; path = ScheduleEditViewController.swift; sourceTree = "<group>"; };
		FF3E63D12423C4090006B8FA /* ScheduleTableViewCell.swift */ = {isa = PBXFileReference; lastKnownFileType = sourcecode.swift; path = ScheduleTableViewCell.swift; sourceTree = "<group>"; };
		FF410E6F24D3E78100EAB900 /* ToDoEditRepetitionNavigationController.swift */ = {isa = PBXFileReference; lastKnownFileType = sourcecode.swift; path = ToDoEditRepetitionNavigationController.swift; sourceTree = "<group>"; };
		FF410E7324D3E85700EAB900 /* ToDoEditRepetitionViewController.swift */ = {isa = PBXFileReference; lastKnownFileType = sourcecode.swift; path = ToDoEditRepetitionViewController.swift; sourceTree = "<group>"; };
		FF41FEF424E10F3700475086 /* CourseNavigationController.swift */ = {isa = PBXFileReference; lastKnownFileType = sourcecode.swift; path = CourseNavigationController.swift; sourceTree = "<group>"; };
		FF41FEF624E10F8700475086 /* CourseViewController.swift */ = {isa = PBXFileReference; lastKnownFileType = sourcecode.swift; path = CourseViewController.swift; sourceTree = "<group>"; };
		FF41FEFC24E1175000475086 /* CourseDateCollectionViewCell.swift */ = {isa = PBXFileReference; lastKnownFileType = sourcecode.swift; path = CourseDateCollectionViewCell.swift; sourceTree = "<group>"; };
		FF41FEFE24E1177200475086 /* CourseCourseCollectionViewCell.swift */ = {isa = PBXFileReference; lastKnownFileType = sourcecode.swift; path = CourseCourseCollectionViewCell.swift; sourceTree = "<group>"; };
		FF42EF7224B965D50067CA3E /* SnapKit.xcodeproj */ = {isa = PBXFileReference; lastKnownFileType = "wrapper.pb-project"; name = SnapKit.xcodeproj; path = "../../../SnapKit-develop/SnapKit.xcodeproj"; sourceTree = "<group>"; };
		FF42EF7D24B9751A0067CA3E /* ToDoHeaderView.swift */ = {isa = PBXFileReference; fileEncoding = 4; lastKnownFileType = sourcecode.swift; path = ToDoHeaderView.swift; sourceTree = "<group>"; };
		FF42EF8324B975850067CA3E /* ToDoCategoryTableViewCell.swift */ = {isa = PBXFileReference; fileEncoding = 4; lastKnownFileType = sourcecode.swift; path = ToDoCategoryTableViewCell.swift; sourceTree = "<group>"; };
		FF42EF8524B975B90067CA3E /* ToDoCategoryNavigationController.swift */ = {isa = PBXFileReference; fileEncoding = 4; lastKnownFileType = sourcecode.swift; path = ToDoCategoryNavigationController.swift; sourceTree = "<group>"; };
		FF42EF8724B97E650067CA3E /* ToDoCategoryViewController.swift */ = {isa = PBXFileReference; fileEncoding = 4; lastKnownFileType = sourcecode.swift; path = ToDoCategoryViewController.swift; sourceTree = "<group>"; };
		FF45E7EE24DA72C700418363 /* ToDoRepetitionTextTableViewCell.swift */ = {isa = PBXFileReference; lastKnownFileType = sourcecode.swift; path = ToDoRepetitionTextTableViewCell.swift; sourceTree = "<group>"; };
		FF4812D32495841300682A99 /* ToDoEditCategoryViewController.swift */ = {isa = PBXFileReference; lastKnownFileType = sourcecode.swift; path = ToDoEditCategoryViewController.swift; sourceTree = "<group>"; };
		FF4812DE24958DD100682A99 /* ToDoNavigationController.swift */ = {isa = PBXFileReference; lastKnownFileType = sourcecode.swift; path = ToDoNavigationController.swift; sourceTree = "<group>"; };
		FF4812E024958DF600682A99 /* ToDoEditViewController.swift */ = {isa = PBXFileReference; lastKnownFileType = sourcecode.swift; path = ToDoEditViewController.swift; sourceTree = "<group>"; };
		FF4BAFE6248A959200F536CC /* ScheduleDatePickerPopView.swift */ = {isa = PBXFileReference; fileEncoding = 4; lastKnownFileType = sourcecode.swift; path = ScheduleDatePickerPopView.swift; sourceTree = "<group>"; };
		FF4BAFE8248A95E800F536CC /* ToDoTableViewCell.swift */ = {isa = PBXFileReference; lastKnownFileType = sourcecode.swift; path = ToDoTableViewCell.swift; sourceTree = "<group>"; };
		FF5028D824E14338000A74E6 /* Course.swift */ = {isa = PBXFileReference; lastKnownFileType = sourcecode.swift; path = Course.swift; sourceTree = "<group>"; };
		FF511FBF24D526B40088F79D /* Repetition.swift */ = {isa = PBXFileReference; lastKnownFileType = sourcecode.swift; path = Repetition.swift; sourceTree = "<group>"; };
		FF511FC524D534F50088F79D /* ToDoRepetitionPickerTableViewCell.swift */ = {isa = PBXFileReference; fileEncoding = 4; lastKnownFileType = sourcecode.swift; path = ToDoRepetitionPickerTableViewCell.swift; sourceTree = "<group>"; };
		FF564FD324EF8A6B004294A2 /* CourseSemesterPickerPopView.swift */ = {isa = PBXFileReference; lastKnownFileType = sourcecode.swift; path = CourseSemesterPickerPopView.swift; sourceTree = "<group>"; };
		FF9E18C624EE42C50083D97E /* Section.swift */ = {isa = PBXFileReference; lastKnownFileType = sourcecode.swift; path = Section.swift; sourceTree = "<group>"; };
		FFBC1DE824926C6200C81ACD /* Interval.swift */ = {isa = PBXFileReference; lastKnownFileType = sourcecode.swift; path = Interval.swift; sourceTree = "<group>"; };
		FFBF90B82421127000313C7D /* Tempus.app */ = {isa = PBXFileReference; explicitFileType = wrapper.application; includeInIndex = 0; path = Tempus.app; sourceTree = BUILT_PRODUCTS_DIR; };
		FFBF90BB2421127000313C7D /* AppDelegate.swift */ = {isa = PBXFileReference; lastKnownFileType = sourcecode.swift; path = AppDelegate.swift; sourceTree = "<group>"; };
		FFBF90BD2421127000313C7D /* SceneDelegate.swift */ = {isa = PBXFileReference; lastKnownFileType = sourcecode.swift; path = SceneDelegate.swift; sourceTree = "<group>"; };
		FFBF90BF2421127000313C7D /* ViewController.swift */ = {isa = PBXFileReference; lastKnownFileType = sourcecode.swift; path = ViewController.swift; sourceTree = "<group>"; };
		FFBF90C22421127000313C7D /* Base */ = {isa = PBXFileReference; lastKnownFileType = file.storyboard; name = Base; path = Base.lproj/Main.storyboard; sourceTree = "<group>"; };
		FFBF90C42421127100313C7D /* Assets.xcassets */ = {isa = PBXFileReference; lastKnownFileType = folder.assetcatalog; path = Assets.xcassets; sourceTree = "<group>"; };
		FFBF90C72421127100313C7D /* Base */ = {isa = PBXFileReference; lastKnownFileType = file.storyboard; name = Base; path = Base.lproj/LaunchScreen.storyboard; sourceTree = "<group>"; };
		FFBF90C92421127100313C7D /* Info.plist */ = {isa = PBXFileReference; lastKnownFileType = text.plist.xml; path = Info.plist; sourceTree = "<group>"; };
		FFBF90D02421151200313C7D /* TabBarViewController.swift */ = {isa = PBXFileReference; lastKnownFileType = sourcecode.swift; path = TabBarViewController.swift; sourceTree = "<group>"; };
		FFBF90D32421173600313C7D /* ScheduleNavigationController.swift */ = {isa = PBXFileReference; lastKnownFileType = sourcecode.swift; path = ScheduleNavigationController.swift; sourceTree = "<group>"; };
		FFBF90D5242117FC00313C7D /* ScheduleViewController.swift */ = {isa = PBXFileReference; lastKnownFileType = sourcecode.swift; path = ScheduleViewController.swift; sourceTree = "<group>"; };
		FFBF90D72421183A00313C7D /* ViewExtensions.swift */ = {isa = PBXFileReference; lastKnownFileType = sourcecode.swift; path = ViewExtensions.swift; sourceTree = "<group>"; };
		FFBF90DA24211C4C00313C7D /* Task.swift */ = {isa = PBXFileReference; lastKnownFileType = sourcecode.swift; path = Task.swift; sourceTree = "<group>"; };
		FFBF90DD2421226700313C7D /* Schedule.swift */ = {isa = PBXFileReference; lastKnownFileType = sourcecode.swift; path = Schedule.swift; sourceTree = "<group>"; };
/* End PBXFileReference section */

/* Begin PBXFrameworksBuildPhase section */
		FFBF90B52421127000313C7D /* Frameworks */ = {
			isa = PBXFrameworksBuildPhase;
			buildActionMask = 2147483647;
			files = (
				FF42EF7B24B966460067CA3E /* SnapKit.framework in Frameworks */,
			);
			runOnlyForDeploymentPostprocessing = 0;
		};
/* End PBXFrameworksBuildPhase section */

/* Begin PBXGroup section */
		FF2A5FEB2425149E00D0AF07 /* Frameworks */ = {
			isa = PBXGroup;
			children = (
			);
			name = Frameworks;
			sourceTree = "<group>";
		};
		FF41FEF224E10ECF00475086 /* Course Controllers */ = {
			isa = PBXGroup;
			children = (
				FF41FEF424E10F3700475086 /* CourseNavigationController.swift */,
				FF41FEF624E10F8700475086 /* CourseViewController.swift */,
			);
			path = "Course Controllers";
			sourceTree = "<group>";
		};
		FF41FEF324E10EFB00475086 /* Course Views */ = {
			isa = PBXGroup;
			children = (
				FF41FEFC24E1175000475086 /* CourseDateCollectionViewCell.swift */,
				FF41FEFE24E1177200475086 /* CourseCourseCollectionViewCell.swift */,
				FF564FD324EF8A6B004294A2 /* CourseSemesterPickerPopView.swift */,
			);
			path = "Course Views";
			sourceTree = "<group>";
		};
		FF42EF7324B965D50067CA3E /* Products */ = {
			isa = PBXGroup;
			children = (
				FF42EF7824B965D50067CA3E /* SnapKit.framework */,
				FF42EF7A24B965D50067CA3E /* SnapKit Tests.xctest */,
			);
			name = Products;
			sourceTree = "<group>";
		};
		FF4BAFDB248A93C800F536CC /* Schedule Views */ = {
			isa = PBXGroup;
			children = (
				FF4BAFE6248A959200F536CC /* ScheduleDatePickerPopView.swift */,
				FF3E63D12423C4090006B8FA /* ScheduleTableViewCell.swift */,
			);
			path = "Schedule Views";
			sourceTree = "<group>";
		};
		FF4BAFDC248A93E500F536CC /* ToDo Views */ = {
			isa = PBXGroup;
			children = (
				FF42EF7D24B9751A0067CA3E /* ToDoHeaderView.swift */,
				FF4BAFE8248A95E800F536CC /* ToDoTableViewCell.swift */,
				FF42EF8324B975850067CA3E /* ToDoCategoryTableViewCell.swift */,
				FF45E7EE24DA72C700418363 /* ToDoRepetitionTextTableViewCell.swift */,
				FF511FC524D534F50088F79D /* ToDoRepetitionPickerTableViewCell.swift */,
			);
			path = "ToDo Views";
			sourceTree = "<group>";
		};
		FF4BAFEA248A960B00F536CC /* Schedule Controllers */ = {
			isa = PBXGroup;
			children = (
				FFBF90D32421173600313C7D /* ScheduleNavigationController.swift */,
				FFBF90D5242117FC00313C7D /* ScheduleViewController.swift */,
				FF3BB36A2426741F0063D851 /* ScheduleEditNavigationController.swift */,
				FF3CA81F2430EAD60054BB49 /* ScheduleEditViewController.swift */,
			);
			path = "Schedule Controllers";
			sourceTree = "<group>";
		};
		FF4BAFEB248A962700F536CC /* ToDo Controllers */ = {
			isa = PBXGroup;
			children = (
				FF4812DE24958DD100682A99 /* ToDoNavigationController.swift */,
				FF3BE36D242F9B86006677A2 /* ToDoViewController.swift */,
				FF42EF8524B975B90067CA3E /* ToDoCategoryNavigationController.swift */,
				FF42EF8724B97E650067CA3E /* ToDoCategoryViewController.swift */,
				FF3CA8192430E1B60054BB49 /* ToDoEditNavigationController.swift */,
				FF4812E024958DF600682A99 /* ToDoEditViewController.swift */,
				FF4812D32495841300682A99 /* ToDoEditCategoryViewController.swift */,
				FF410E6F24D3E78100EAB900 /* ToDoEditRepetitionNavigationController.swift */,
				FF410E7324D3E85700EAB900 /* ToDoEditRepetitionViewController.swift */,
			);
			path = "ToDo Controllers";
			sourceTree = "<group>";
		};
		FFBF90AF2421126F00313C7D = {
			isa = PBXGroup;
			children = (
				FFBF90BA2421127000313C7D /* Tempus */,
				FFBF90B92421127000313C7D /* Products */,
				FF2A5FEB2425149E00D0AF07 /* Frameworks */,
			);
			sourceTree = "<group>";
		};
		FFBF90B92421127000313C7D /* Products */ = {
			isa = PBXGroup;
			children = (
				FFBF90B82421127000313C7D /* Tempus.app */,
			);
			name = Products;
			sourceTree = "<group>";
		};
		FFBF90BA2421127000313C7D /* Tempus */ = {
			isa = PBXGroup;
			children = (
				FF42EF7224B965D50067CA3E /* SnapKit.xcodeproj */,
				FFBF90CF2421129D00313C7D /* System Files */,
				FFBF90DC24211FCD00313C7D /* Models */,
				FFBF90D92421184100313C7D /* Views */,
				FFBF90D22421151D00313C7D /* View Controllers */,
				FFBF90C42421127100313C7D /* Assets.xcassets */,
				FFBF90BB2421127000313C7D /* AppDelegate.swift */,
				FFBF90C92421127100313C7D /* Info.plist */,
			);
			path = Tempus;
			sourceTree = "<group>";
		};
		FFBF90CF2421129D00313C7D /* System Files */ = {
			isa = PBXGroup;
			children = (
				FFBF90BD2421127000313C7D /* SceneDelegate.swift */,
				FFBF90BF2421127000313C7D /* ViewController.swift */,
				FFBF90C12421127000313C7D /* Main.storyboard */,
				FFBF90C62421127100313C7D /* LaunchScreen.storyboard */,
			);
			path = "System Files";
			sourceTree = "<group>";
		};
		FFBF90D22421151D00313C7D /* View Controllers */ = {
			isa = PBXGroup;
			children = (
				FFBF90D02421151200313C7D /* TabBarViewController.swift */,
				FF41FEF224E10ECF00475086 /* Course Controllers */,
				FF4BAFEA248A960B00F536CC /* Schedule Controllers */,
				FF4BAFEB248A962700F536CC /* ToDo Controllers */,
			);
			path = "View Controllers";
			sourceTree = "<group>";
		};
		FFBF90D92421184100313C7D /* Views */ = {
			isa = PBXGroup;
			children = (
				FF41FEF324E10EFB00475086 /* Course Views */,
				FF4BAFDB248A93C800F536CC /* Schedule Views */,
				FF4BAFDC248A93E500F536CC /* ToDo Views */,
				FFBF90D72421183A00313C7D /* ViewExtensions.swift */,
			);
			path = Views;
			sourceTree = "<group>";
		};
		FFBF90DC24211FCD00313C7D /* Models */ = {
			isa = PBXGroup;
			children = (
				FFBC1DE824926C6200C81ACD /* Interval.swift */,
				FF511FBF24D526B40088F79D /* Repetition.swift */,
				FFBF90DA24211C4C00313C7D /* Task.swift */,
				FFBF90DD2421226700313C7D /* Schedule.swift */,
				FF3BE371242FA0B5006677A2 /* ToDo.swift */,
				FF5028D824E14338000A74E6 /* Course.swift */,
				FF9E18C624EE42C50083D97E /* Section.swift */,
			);
			path = Models;
			sourceTree = "<group>";
		};
/* End PBXGroup section */

/* Begin PBXNativeTarget section */
		FFBF90B72421127000313C7D /* Tempus */ = {
			isa = PBXNativeTarget;
			buildConfigurationList = FFBF90CC2421127100313C7D /* Build configuration list for PBXNativeTarget "Tempus" */;
			buildPhases = (
				FFBF90B42421127000313C7D /* Sources */,
				FFBF90B52421127000313C7D /* Frameworks */,
				FFBF90B62421127000313C7D /* Resources */,
				FF2A5FEE2425149E00D0AF07 /* Embed Frameworks */,
			);
			buildRules = (
			);
			dependencies = (
			);
			name = Tempus;
			productName = Tempus;
			productReference = FFBF90B82421127000313C7D /* Tempus.app */;
			productType = "com.apple.product-type.application";
		};
/* End PBXNativeTarget section */

/* Begin PBXProject section */
		FFBF90B02421126F00313C7D /* Project object */ = {
			isa = PBXProject;
			attributes = {
				LastSwiftUpdateCheck = 1130;
				LastUpgradeCheck = 1130;
				ORGANIZATIONNAME = Sola;
				TargetAttributes = {
					FFBF90B72421127000313C7D = {
						CreatedOnToolsVersion = 11.3.1;
					};
				};
			};
			buildConfigurationList = FFBF90B32421126F00313C7D /* Build configuration list for PBXProject "Tempus" */;
			compatibilityVersion = "Xcode 9.3";
			developmentRegion = en;
			hasScannedForEncodings = 0;
			knownRegions = (
				en,
				Base,
			);
			mainGroup = FFBF90AF2421126F00313C7D;
			productRefGroup = FFBF90B92421127000313C7D /* Products */;
			projectDirPath = "";
			projectReferences = (
				{
					ProductGroup = FF42EF7324B965D50067CA3E /* Products */;
					ProjectRef = FF42EF7224B965D50067CA3E /* SnapKit.xcodeproj */;
				},
			);
			projectRoot = "";
			targets = (
				FFBF90B72421127000313C7D /* Tempus */,
			);
		};
/* End PBXProject section */

/* Begin PBXReferenceProxy section */
		FF42EF7824B965D50067CA3E /* SnapKit.framework */ = {
			isa = PBXReferenceProxy;
			fileType = wrapper.framework;
			path = SnapKit.framework;
			remoteRef = FF42EF7724B965D50067CA3E /* PBXContainerItemProxy */;
			sourceTree = BUILT_PRODUCTS_DIR;
		};
		FF42EF7A24B965D50067CA3E /* SnapKit Tests.xctest */ = {
			isa = PBXReferenceProxy;
			fileType = wrapper.cfbundle;
			path = "SnapKit Tests.xctest";
			remoteRef = FF42EF7924B965D50067CA3E /* PBXContainerItemProxy */;
			sourceTree = BUILT_PRODUCTS_DIR;
		};
/* End PBXReferenceProxy section */

/* Begin PBXResourcesBuildPhase section */
		FFBF90B62421127000313C7D /* Resources */ = {
			isa = PBXResourcesBuildPhase;
			buildActionMask = 2147483647;
			files = (
				FFBF90C82421127100313C7D /* LaunchScreen.storyboard in Resources */,
				FFBF90C52421127100313C7D /* Assets.xcassets in Resources */,
				FFBF90C32421127000313C7D /* Main.storyboard in Resources */,
			);
			runOnlyForDeploymentPostprocessing = 0;
		};
/* End PBXResourcesBuildPhase section */

/* Begin PBXSourcesBuildPhase section */
		FFBF90B42421127000313C7D /* Sources */ = {
			isa = PBXSourcesBuildPhase;
			buildActionMask = 2147483647;
			files = (
				FF511FC624D534F50088F79D /* ToDoRepetitionPickerTableViewCell.swift in Sources */,
				FF45E7EF24DA72C700418363 /* ToDoRepetitionTextTableViewCell.swift in Sources */,
				FF4BAFE9248A95E800F536CC /* ToDoTableViewCell.swift in Sources */,
				FF4BAFE7248A959200F536CC /* ScheduleDatePickerPopView.swift in Sources */,
				FF42EF8624B975B90067CA3E /* ToDoCategoryNavigationController.swift in Sources */,
				FF41FEF724E10F8700475086 /* CourseViewController.swift in Sources */,
				FF410E7024D3E78100EAB900 /* ToDoEditRepetitionNavigationController.swift in Sources */,
				FF410E7424D3E85700EAB900 /* ToDoEditRepetitionViewController.swift in Sources */,
				FFBF90DB24211C4C00313C7D /* Task.swift in Sources */,
				FF9E18C724EE42C50083D97E /* Section.swift in Sources */,
				FF42EF8424B975850067CA3E /* ToDoCategoryTableViewCell.swift in Sources */,
				FFBF90D12421151200313C7D /* TabBarViewController.swift in Sources */,
				FF3E63D22423C4090006B8FA /* ScheduleTableViewCell.swift in Sources */,
				FF3CA81A2430E1B60054BB49 /* ToDoEditNavigationController.swift in Sources */,
				FF511FC024D526B40088F79D /* Repetition.swift in Sources */,
				FF4812DF24958DD100682A99 /* ToDoNavigationController.swift in Sources */,
				FF41FEFD24E1175000475086 /* CourseDateCollectionViewCell.swift in Sources */,
				FFBF90D82421183A00313C7D /* ViewExtensions.swift in Sources */,
				FFBF90DE2421226700313C7D /* Schedule.swift in Sources */,
				FF42EF7E24B9751A0067CA3E /* ToDoHeaderView.swift in Sources */,
				FF564FD424EF8A6B004294A2 /* CourseSemesterPickerPopView.swift in Sources */,
				FF3BB36B2426741F0063D851 /* ScheduleEditNavigationController.swift in Sources */,
				FFBF90C02421127000313C7D /* ViewController.swift in Sources */,
				FF3BE372242FA0B5006677A2 /* ToDo.swift in Sources */,
				FF5028D924E14338000A74E6 /* Course.swift in Sources */,
				FF3BE36E242F9B86006677A2 /* ToDoViewController.swift in Sources */,
				FFBF90BC2421127000313C7D /* AppDelegate.swift in Sources */,
				FFBF90D6242117FC00313C7D /* ScheduleViewController.swift in Sources */,
				FF4812E124958DF600682A99 /* ToDoEditViewController.swift in Sources */,
				FF41FEFF24E1177200475086 /* CourseCourseCollectionViewCell.swift in Sources */,
				FF41FEF524E10F3700475086 /* CourseNavigationController.swift in Sources */,
				FF42EF8824B97E650067CA3E /* ToDoCategoryViewController.swift in Sources */,
				FFBC1DE924926C6200C81ACD /* Interval.swift in Sources */,
				FF3CA8202430EAD60054BB49 /* ScheduleEditViewController.swift in Sources */,
				FFBF90BE2421127000313C7D /* SceneDelegate.swift in Sources */,
				FFBF90D42421173600313C7D /* ScheduleNavigationController.swift in Sources */,
				FF4812D42495841300682A99 /* ToDoEditCategoryViewController.swift in Sources */,
			);
			runOnlyForDeploymentPostprocessing = 0;
		};
/* End PBXSourcesBuildPhase section */

/* Begin PBXVariantGroup section */
		FFBF90C12421127000313C7D /* Main.storyboard */ = {
			isa = PBXVariantGroup;
			children = (
				FFBF90C22421127000313C7D /* Base */,
			);
			name = Main.storyboard;
			sourceTree = "<group>";
		};
		FFBF90C62421127100313C7D /* LaunchScreen.storyboard */ = {
			isa = PBXVariantGroup;
			children = (
				FFBF90C72421127100313C7D /* Base */,
			);
			name = LaunchScreen.storyboard;
			sourceTree = "<group>";
		};
/* End PBXVariantGroup section */

/* Begin XCBuildConfiguration section */
		FFBF90CA2421127100313C7D /* Debug */ = {
			isa = XCBuildConfiguration;
			buildSettings = {
				ALWAYS_SEARCH_USER_PATHS = NO;
				CLANG_ANALYZER_NONNULL = YES;
				CLANG_ANALYZER_NUMBER_OBJECT_CONVERSION = YES_AGGRESSIVE;
				CLANG_CXX_LANGUAGE_STANDARD = "gnu++14";
				CLANG_CXX_LIBRARY = "libc++";
				CLANG_ENABLE_MODULES = YES;
				CLANG_ENABLE_OBJC_ARC = YES;
				CLANG_ENABLE_OBJC_WEAK = YES;
				CLANG_WARN_BLOCK_CAPTURE_AUTORELEASING = YES;
				CLANG_WARN_BOOL_CONVERSION = YES;
				CLANG_WARN_COMMA = YES;
				CLANG_WARN_CONSTANT_CONVERSION = YES;
				CLANG_WARN_DEPRECATED_OBJC_IMPLEMENTATIONS = YES;
				CLANG_WARN_DIRECT_OBJC_ISA_USAGE = YES_ERROR;
				CLANG_WARN_DOCUMENTATION_COMMENTS = YES;
				CLANG_WARN_EMPTY_BODY = YES;
				CLANG_WARN_ENUM_CONVERSION = YES;
				CLANG_WARN_INFINITE_RECURSION = YES;
				CLANG_WARN_INT_CONVERSION = YES;
				CLANG_WARN_NON_LITERAL_NULL_CONVERSION = YES;
				CLANG_WARN_OBJC_IMPLICIT_RETAIN_SELF = YES;
				CLANG_WARN_OBJC_LITERAL_CONVERSION = YES;
				CLANG_WARN_OBJC_ROOT_CLASS = YES_ERROR;
				CLANG_WARN_RANGE_LOOP_ANALYSIS = YES;
				CLANG_WARN_STRICT_PROTOTYPES = YES;
				CLANG_WARN_SUSPICIOUS_MOVE = YES;
				CLANG_WARN_UNGUARDED_AVAILABILITY = YES_AGGRESSIVE;
				CLANG_WARN_UNREACHABLE_CODE = YES;
				CLANG_WARN__DUPLICATE_METHOD_MATCH = YES;
				COPY_PHASE_STRIP = NO;
				DEBUG_INFORMATION_FORMAT = dwarf;
				ENABLE_STRICT_OBJC_MSGSEND = YES;
				ENABLE_TESTABILITY = YES;
				GCC_C_LANGUAGE_STANDARD = gnu11;
				GCC_DYNAMIC_NO_PIC = NO;
				GCC_NO_COMMON_BLOCKS = YES;
				GCC_OPTIMIZATION_LEVEL = 0;
				GCC_PREPROCESSOR_DEFINITIONS = (
					"DEBUG=1",
					"$(inherited)",
				);
				GCC_WARN_64_TO_32_BIT_CONVERSION = YES;
				GCC_WARN_ABOUT_RETURN_TYPE = YES_ERROR;
				GCC_WARN_UNDECLARED_SELECTOR = YES;
				GCC_WARN_UNINITIALIZED_AUTOS = YES_AGGRESSIVE;
				GCC_WARN_UNUSED_FUNCTION = YES;
				GCC_WARN_UNUSED_VARIABLE = YES;
				IPHONEOS_DEPLOYMENT_TARGET = 13.2;
				MTL_ENABLE_DEBUG_INFO = INCLUDE_SOURCE;
				MTL_FAST_MATH = YES;
				ONLY_ACTIVE_ARCH = YES;
				SDKROOT = iphoneos;
				SWIFT_ACTIVE_COMPILATION_CONDITIONS = DEBUG;
				SWIFT_OPTIMIZATION_LEVEL = "-Onone";
			};
			name = Debug;
		};
		FFBF90CB2421127100313C7D /* Release */ = {
			isa = XCBuildConfiguration;
			buildSettings = {
				ALWAYS_SEARCH_USER_PATHS = NO;
				CLANG_ANALYZER_NONNULL = YES;
				CLANG_ANALYZER_NUMBER_OBJECT_CONVERSION = YES_AGGRESSIVE;
				CLANG_CXX_LANGUAGE_STANDARD = "gnu++14";
				CLANG_CXX_LIBRARY = "libc++";
				CLANG_ENABLE_MODULES = YES;
				CLANG_ENABLE_OBJC_ARC = YES;
				CLANG_ENABLE_OBJC_WEAK = YES;
				CLANG_WARN_BLOCK_CAPTURE_AUTORELEASING = YES;
				CLANG_WARN_BOOL_CONVERSION = YES;
				CLANG_WARN_COMMA = YES;
				CLANG_WARN_CONSTANT_CONVERSION = YES;
				CLANG_WARN_DEPRECATED_OBJC_IMPLEMENTATIONS = YES;
				CLANG_WARN_DIRECT_OBJC_ISA_USAGE = YES_ERROR;
				CLANG_WARN_DOCUMENTATION_COMMENTS = YES;
				CLANG_WARN_EMPTY_BODY = YES;
				CLANG_WARN_ENUM_CONVERSION = YES;
				CLANG_WARN_INFINITE_RECURSION = YES;
				CLANG_WARN_INT_CONVERSION = YES;
				CLANG_WARN_NON_LITERAL_NULL_CONVERSION = YES;
				CLANG_WARN_OBJC_IMPLICIT_RETAIN_SELF = YES;
				CLANG_WARN_OBJC_LITERAL_CONVERSION = YES;
				CLANG_WARN_OBJC_ROOT_CLASS = YES_ERROR;
				CLANG_WARN_RANGE_LOOP_ANALYSIS = YES;
				CLANG_WARN_STRICT_PROTOTYPES = YES;
				CLANG_WARN_SUSPICIOUS_MOVE = YES;
				CLANG_WARN_UNGUARDED_AVAILABILITY = YES_AGGRESSIVE;
				CLANG_WARN_UNREACHABLE_CODE = YES;
				CLANG_WARN__DUPLICATE_METHOD_MATCH = YES;
				COPY_PHASE_STRIP = NO;
				DEBUG_INFORMATION_FORMAT = "dwarf-with-dsym";
				ENABLE_NS_ASSERTIONS = NO;
				ENABLE_STRICT_OBJC_MSGSEND = YES;
				GCC_C_LANGUAGE_STANDARD = gnu11;
				GCC_NO_COMMON_BLOCKS = YES;
				GCC_WARN_64_TO_32_BIT_CONVERSION = YES;
				GCC_WARN_ABOUT_RETURN_TYPE = YES_ERROR;
				GCC_WARN_UNDECLARED_SELECTOR = YES;
				GCC_WARN_UNINITIALIZED_AUTOS = YES_AGGRESSIVE;
				GCC_WARN_UNUSED_FUNCTION = YES;
				GCC_WARN_UNUSED_VARIABLE = YES;
				IPHONEOS_DEPLOYMENT_TARGET = 13.2;
				MTL_ENABLE_DEBUG_INFO = NO;
				MTL_FAST_MATH = YES;
				SDKROOT = iphoneos;
				SWIFT_COMPILATION_MODE = wholemodule;
				SWIFT_OPTIMIZATION_LEVEL = "-O";
				VALIDATE_PRODUCT = YES;
			};
			name = Release;
		};
		FFBF90CD2421127100313C7D /* Debug */ = {
			isa = XCBuildConfiguration;
			buildSettings = {
				ASSETCATALOG_COMPILER_APPICON_NAME = AppIcon;
				CODE_SIGN_STYLE = Automatic;
				DEVELOPMENT_TEAM = 496YMB94F5;
				INFOPLIST_FILE = Tempus/Info.plist;
				LD_RUNPATH_SEARCH_PATHS = (
					"$(inherited)",
					"@executable_path/Frameworks",
				);
				PRODUCT_BUNDLE_IDENTIFIER = Sola.Tempus;
				PRODUCT_NAME = "$(TARGET_NAME)";
				SWIFT_VERSION = 5.0;
				TARGETED_DEVICE_FAMILY = "1,2";
			};
			name = Debug;
		};
		FFBF90CE2421127100313C7D /* Release */ = {
			isa = XCBuildConfiguration;
			buildSettings = {
				ASSETCATALOG_COMPILER_APPICON_NAME = AppIcon;
				CODE_SIGN_STYLE = Automatic;
				DEVELOPMENT_TEAM = 496YMB94F5;
				INFOPLIST_FILE = Tempus/Info.plist;
				LD_RUNPATH_SEARCH_PATHS = (
					"$(inherited)",
					"@executable_path/Frameworks",
				);
				PRODUCT_BUNDLE_IDENTIFIER = Sola.Tempus;
				PRODUCT_NAME = "$(TARGET_NAME)";
				SWIFT_VERSION = 5.0;
				TARGETED_DEVICE_FAMILY = "1,2";
			};
			name = Release;
		};
/* End XCBuildConfiguration section */

/* Begin XCConfigurationList section */
		FFBF90B32421126F00313C7D /* Build configuration list for PBXProject "Tempus" */ = {
			isa = XCConfigurationList;
			buildConfigurations = (
				FFBF90CA2421127100313C7D /* Debug */,
				FFBF90CB2421127100313C7D /* Release */,
			);
			defaultConfigurationIsVisible = 0;
			defaultConfigurationName = Release;
		};
		FFBF90CC2421127100313C7D /* Build configuration list for PBXNativeTarget "Tempus" */ = {
			isa = XCConfigurationList;
			buildConfigurations = (
				FFBF90CD2421127100313C7D /* Debug */,
				FFBF90CE2421127100313C7D /* Release */,
			);
			defaultConfigurationIsVisible = 0;
			defaultConfigurationName = Release;
		};
/* End XCConfigurationList section */
	};
	rootObject = FFBF90B02421126F00313C7D /* Project object */;
}
